{
  "name": "001 API Intro",
  "lockfileVersion": 3,
  "requires": true,
  "packages": {
    "": {
      "dependencies": {
        "guardian-js": "^5.0.0"
      }
    },
    "node_modules/guardian-js": {
      "version": "5.0.0",
      "resolved": "https://registry.npmjs.org/guardian-js/-/guardian-js-5.0.0.tgz",
      "integrity": "sha512-PhaviO6xuMRiXlCz8lEFdCMZ4ww00c3M08wcKSQtjwffMC394lYTwxedEubrUZxsVK5g3D0yjkQVIXeDWQBO0Q==",
      "engines": {
        "node": ">=18.0.0"
      }
    }
  }
}
